{
    "_readme": [
        "This file locks the dependencies of your project to a known state",
        "Read more about it at https://getcomposer.org/doc/01-basic-usage.md#installing-dependencies",
        "This file is @generated automatically"
    ],
    "content-hash": "00550634f73e2398c3bbc72fda727a80",
    "packages": [
        {
            "name": "izniburak/pdox",
            "version": "v1.6.0",
            "source": {
                "type": "git",
                "url": "https://github.com/izniburak/pdox.git",
                "reference": "7ad73c49734abbfeec9f2b779ffc2d422d3828c7"
            },
            "dist": {
                "type": "zip",
                "url": "https://api.github.com/repos/izniburak/pdox/zipball/7ad73c49734abbfeec9f2b779ffc2d422d3828c7",
                "reference": "7ad73c49734abbfeec9f2b779ffc2d422d3828c7",
                "shasum": "",
                "mirrors": [
                    {
                        "url": "https://mirrors.aliyun.com/composer/dists/%package%/%reference%.%type%",
                        "preferred": true
                    }
                ]
            },
            "require": {
                "ext-json": "*",
                "ext-pdo": "*",
                "php": ">=5.5"
            },
            "type": "library",
            "autoload": {
                "psr-4": {
                    "Buki\\": "src"
                }
            },
            "notification-url": "https://packagist.org/downloads/",
            "license": [
                "MIT"
            ],
            "authors": [
                {
                    "name": "İzni Burak Demirtaş",
                    "email": "info@burakdemirtas.org",
                    "homepage": "http://burakdemirtas.org"
                }
            ],
            "description": "Useful Query Builder, PDO Class for PHP. A simple access to your SQL records.",
            "homepage": "https://github.com/izniburak/PDOx",
            "keywords": [
                "builder",
                "pdo",
                "php",
                "query",
                "sql"
            ],
            "support": {
                "issues": "https://github.com/izniburak/pdox/issues",
                "source": "https://github.com/izniburak/pdox/tree/v1.6.0"
            },
            "time": "2021-09-20T20:24:04+00:00"
        }
    ],
    "packages-dev": [],
    "aliases": [],
    "minimum-stability": "alpha",
    "stability-flags": [],
    "prefer-stable": false,
    "prefer-lowest": false,
    "platform": [],
    "platform-dev": [],
    "plugin-api-version": "2.0.0"
}
